
Microsoft Visual Studio Solution File, Format Version 12.00
# Visual Studio 15
VisualStudioVersion = 15.0.26730.12
MinimumVisualStudioVersion = 10.0.40219.1
Project("{888888A0-9F3D-457C-B088-3A5042F75D52}") = "Python_Demo", "Python_Demo\Python_Demo.pyproj", "{047640C7-D4CA-4C4F-9041-6E61707F64CF}"
EndProject
Global
	GlobalSection(SolutionConfigurationPlatforms) = preSolution
		Debug|Any CPU = Debug|Any CPU
		Release|Any CPU = Release|Any CPU
	EndGlobalSection
	GlobalSection(ProjectConfigurationPlatforms) = postSolution
		{047640C7-D4CA-4C4F-9041-6E61707F64CF}.Debug|Any CPU.ActiveCfg = Debug|Any CPU
		{047640C7-D4CA-4C4F-9041-6E61707F64CF}.Release|Any CPU.ActiveCfg = Release|Any CPU
	EndGlobalSection
	GlobalSection(SolutionProperties) = preSolution
		HideSolutionNode = FALSE
	EndGlobalSection
	GlobalSection(ExtensibilityGlobals) = postSolution
		SolutionGuid = {BC4919A4-F244-4EF6-A282-D3F5C1091C9B}
	EndGlobalSection
EndGlobal
