
Microsoft Visual Studio Solution File, Format Version 12.00
# Visual Studio 15
VisualStudioVersion = 15.0.26730.12
MinimumVisualStudioVersion = 10.0.40219.1
Project("{888888A0-9F3D-457C-B088-3A5042F75D52}") = "string_variables", "string_variables\string_variables.pyproj", "{867FC5D9-59FA-4736-8AF8-9E282DDD8256}"
EndProject
Global
	GlobalSection(SolutionConfigurationPlatforms) = preSolution
		Debug|Any CPU = Debug|Any CPU
		Release|Any CPU = Release|Any CPU
	EndGlobalSection
	GlobalSection(ProjectConfigurationPlatforms) = postSolution
		{867FC5D9-59FA-4736-8AF8-9E282DDD8256}.Debug|Any CPU.ActiveCfg = Debug|Any CPU
		{867FC5D9-59FA-4736-8AF8-9E282DDD8256}.Release|Any CPU.ActiveCfg = Release|Any CPU
	EndGlobalSection
	GlobalSection(SolutionProperties) = preSolution
		HideSolutionNode = FALSE
	EndGlobalSection
	GlobalSection(ExtensibilityGlobals) = postSolution
		SolutionGuid = {8E52E365-3651-4DC4-9676-28813BC53C38}
	EndGlobalSection
EndGlobal
