
Microsoft Visual Studio Solution File, Format Version 12.00
# Visual Studio 15
VisualStudioVersion = 15.0.26730.12
MinimumVisualStudioVersion = 10.0.40219.1
Project("{888888A0-9F3D-457C-B088-3A5042F75D52}") = "Decision_making_statemements", "Decision_making_statemements\Decision_making_statemements.pyproj", "{B2CFE3DA-051D-4BC4-862C-1E93B53F25F9}"
EndProject
Global
	GlobalSection(SolutionConfigurationPlatforms) = preSolution
		Debug|Any CPU = Debug|Any CPU
		Release|Any CPU = Release|Any CPU
	EndGlobalSection
	GlobalSection(ProjectConfigurationPlatforms) = postSolution
		{B2CFE3DA-051D-4BC4-862C-1E93B53F25F9}.Debug|Any CPU.ActiveCfg = Debug|Any CPU
		{B2CFE3DA-051D-4BC4-862C-1E93B53F25F9}.Release|Any CPU.ActiveCfg = Release|Any CPU
	EndGlobalSection
	GlobalSection(SolutionProperties) = preSolution
		HideSolutionNode = FALSE
	EndGlobalSection
	GlobalSection(ExtensibilityGlobals) = postSolution
		SolutionGuid = {63B33D09-08F2-461E-B486-FCD1E30E6243}
	EndGlobalSection
EndGlobal
