
Microsoft Visual Studio Solution File, Format Version 12.00
# Visual Studio 15
VisualStudioVersion = 15.0.26730.12
MinimumVisualStudioVersion = 10.0.40219.1
Project("{888888A0-9F3D-457C-B088-3A5042F75D52}") = "Lists", "Lists\Lists.pyproj", "{68D5F418-F197-4889-BD00-C96D4E5BFA6A}"
EndProject
Global
	GlobalSection(SolutionConfigurationPlatforms) = preSolution
		Debug|Any CPU = Debug|Any CPU
		Release|Any CPU = Release|Any CPU
	EndGlobalSection
	GlobalSection(ProjectConfigurationPlatforms) = postSolution
		{68D5F418-F197-4889-BD00-C96D4E5BFA6A}.Debug|Any CPU.ActiveCfg = Debug|Any CPU
		{68D5F418-F197-4889-BD00-C96D4E5BFA6A}.Release|Any CPU.ActiveCfg = Release|Any CPU
	EndGlobalSection
	GlobalSection(SolutionProperties) = preSolution
		HideSolutionNode = FALSE
	EndGlobalSection
	GlobalSection(ExtensibilityGlobals) = postSolution
		SolutionGuid = {342BEE17-C320-4396-A784-D01AC886F5DD}
	EndGlobalSection
EndGlobal
