
Microsoft Visual Studio Solution File, Format Version 12.00
# Visual Studio 15
VisualStudioVersion = 15.0.26730.12
MinimumVisualStudioVersion = 10.0.40219.1
Project("{888888A0-9F3D-457C-B088-3A5042F75D52}") = "number variable", "number variable\number variable.pyproj", "{8338A489-0970-44D8-B55C-067C02EE661C}"
EndProject
Global
	GlobalSection(SolutionConfigurationPlatforms) = preSolution
		Debug|Any CPU = Debug|Any CPU
		Release|Any CPU = Release|Any CPU
	EndGlobalSection
	GlobalSection(ProjectConfigurationPlatforms) = postSolution
		{8338A489-0970-44D8-B55C-067C02EE661C}.Debug|Any CPU.ActiveCfg = Debug|Any CPU
		{8338A489-0970-44D8-B55C-067C02EE661C}.Release|Any CPU.ActiveCfg = Release|Any CPU
	EndGlobalSection
	GlobalSection(SolutionProperties) = preSolution
		HideSolutionNode = FALSE
	EndGlobalSection
	GlobalSection(ExtensibilityGlobals) = postSolution
		SolutionGuid = {85F4CD20-A08E-4420-8AEB-3FB05A283A0E}
	EndGlobalSection
EndGlobal
