
Microsoft Visual Studio Solution File, Format Version 12.00
# Visual Studio 15
VisualStudioVersion = 15.0.26730.12
MinimumVisualStudioVersion = 10.0.40219.1
Project("{888888A0-9F3D-457C-B088-3A5042F75D52}") = "Dictionary", "Dictionary\Dictionary.pyproj", "{194D8A5A-70D0-4AFB-84FC-6FB519749E03}"
EndProject
Global
	GlobalSection(SolutionConfigurationPlatforms) = preSolution
		Debug|Any CPU = Debug|Any CPU
		Release|Any CPU = Release|Any CPU
	EndGlobalSection
	GlobalSection(ProjectConfigurationPlatforms) = postSolution
		{194D8A5A-70D0-4AFB-84FC-6FB519749E03}.Debug|Any CPU.ActiveCfg = Debug|Any CPU
		{194D8A5A-70D0-4AFB-84FC-6FB519749E03}.Release|Any CPU.ActiveCfg = Release|Any CPU
	EndGlobalSection
	GlobalSection(SolutionProperties) = preSolution
		HideSolutionNode = FALSE
	EndGlobalSection
	GlobalSection(ExtensibilityGlobals) = postSolution
		SolutionGuid = {B98A5C98-BAAA-4029-BF5D-D9C0BA78DBF3}
	EndGlobalSection
EndGlobal
